// !$*UTF8*$!
{
	archiveVersion = 1;
	classes = {
	};
	objectVersion = 77;
	objects = {

/* Begin PBXBuildFile section */
		2070894B76855FA912ACFC73 /* ActivityTracker.swift in Sources */ = {isa = PBXBuildFile; fileRef = 1E07AEC4F954A1BEF8CBB6B0 /* ActivityTracker.swift */; };
		3031937AF9529A713C1894D9 /* AlertService.swift in Sources */ = {isa = PBXBuildFile; fileRef = 1AD35503655879E949BA8DDD /* AlertService.swift */; };
		479E2469EB6AD0D0D1FC4A63 /* DashboardView.swift in Sources */ = {isa = PBXBuildFile; fileRef = 015FDF2EE3DF930638AB4DF7 /* DashboardView.swift */; };
		54418866F1699F40A83A19AE /* ContentView.swift in Sources */ = {isa = PBXBuildFile; fileRef = F907D7B283F632EFCFE59AAF /* ContentView.swift */; };
		6566B2475134FCBAF228DC85 /* AppInfo.swift in Sources */ = {isa = PBXBuildFile; fileRef = 5486A056B57D2CB8C696C530 /* AppInfo.swift */; };
		93656810E777618CD095BD1F /* AllowlistService.swift in Sources */ = {isa = PBXBuildFile; fileRef = 1C2596DF1CFEABDF2C2573B0 /* AllowlistService.swift */; };
		9DD412E636BDA350C58E804A /* SettingsView.swift in Sources */ = {isa = PBXBuildFile; fileRef = 580EE97EEDEE56230E157CC5 /* SettingsView.swift */; };
		A8455EB547CE4D01BEEB5B03 /* MonitorEngine.swift in Sources */ = {isa = PBXBuildFile; fileRef = E85DA4D9EA314955ADEFA137 /* MonitorEngine.swift */; };
		AA5968A88938DC30ABA5F2D1 /* main.swift in Sources */ = {isa = PBXBuildFile; fileRef = DF82276595A6E2168709D5BB /* main.swift */; };
		B5B238284D2F15B92D6CD650 /* ProcessService.swift in Sources */ = {isa = PBXBuildFile; fileRef = E49C21CC94ABC353052C3423 /* ProcessService.swift */; };
		C07F8A37D47FC84192BF6472 /* AllowlistView.swift in Sources */ = {isa = PBXBuildFile; fileRef = A232B6181749CB1CD152DCDF /* AllowlistView.swift */; };
		CF145166D360EBC3514CA883 /* AppDelegate.swift in Sources */ = {isa = PBXBuildFile; fileRef = 54C01004324E8E0EDCE4AC07 /* AppDelegate.swift */; };
		D52823CE980C4141497E27A8 /* SettingsManager.swift in Sources */ = {isa = PBXBuildFile; fileRef = 6B4F68D5283CB0A0B1FE6C99 /* SettingsManager.swift */; };
		FA104505E78A6AF31AD2891B /* Assets.xcassets in Resources */ = {isa = PBXBuildFile; fileRef = 29E8948BB0D562190F86CFCD /* Assets.xcassets */; };
/* End PBXBuildFile section */

/* Begin PBXFileReference section */
		015FDF2EE3DF930638AB4DF7 /* DashboardView.swift */ = {isa = PBXFileReference; lastKnownFileType = sourcecode.swift; path = DashboardView.swift; sourceTree = "<group>"; };
		1AD35503655879E949BA8DDD /* AlertService.swift */ = {isa = PBXFileReference; lastKnownFileType = sourcecode.swift; path = AlertService.swift; sourceTree = "<group>"; };
		1C2596DF1CFEABDF2C2573B0 /* AllowlistService.swift */ = {isa = PBXFileReference; lastKnownFileType = sourcecode.swift; path = AllowlistService.swift; sourceTree = "<group>"; };
		1E07AEC4F954A1BEF8CBB6B0 /* ActivityTracker.swift */ = {isa = PBXFileReference; lastKnownFileType = sourcecode.swift; path = ActivityTracker.swift; sourceTree = "<group>"; };
		29E8948BB0D562190F86CFCD /* Assets.xcassets */ = {isa = PBXFileReference; lastKnownFileType = folder.assetcatalog; path = Assets.xcassets; sourceTree = "<group>"; };
		409E3753FA9A6E59594C651C /* InactivityMonitor.app */ = {isa = PBXFileReference; explicitFileType = wrapper.application; includeInIndex = 0; path = InactivityMonitor.app; sourceTree = BUILT_PRODUCTS_DIR; };
		5486A056B57D2CB8C696C530 /* AppInfo.swift */ = {isa = PBXFileReference; lastKnownFileType = sourcecode.swift; path = AppInfo.swift; sourceTree = "<group>"; };
		54C01004324E8E0EDCE4AC07 /* AppDelegate.swift */ = {isa = PBXFileReference; lastKnownFileType = sourcecode.swift; path = AppDelegate.swift; sourceTree = "<group>"; };
		580EE97EEDEE56230E157CC5 /* SettingsView.swift */ = {isa = PBXFileReference; lastKnownFileType = sourcecode.swift; path = SettingsView.swift; sourceTree = "<group>"; };
		6B4F68D5283CB0A0B1FE6C99 /* SettingsManager.swift */ = {isa = PBXFileReference; lastKnownFileType = sourcecode.swift; path = SettingsManager.swift; sourceTree = "<group>"; };
		A232B6181749CB1CD152DCDF /* AllowlistView.swift */ = {isa = PBXFileReference; lastKnownFileType = sourcecode.swift; path = AllowlistView.swift; sourceTree = "<group>"; };
		C0B12EF6E25D9A5176FB4861 /* InactivityMonitor.entitlements */ = {isa = PBXFileReference; lastKnownFileType = text.plist.entitlements; path = InactivityMonitor.entitlements; sourceTree = "<group>"; };
		C63264D07F8B5ACCDF442603 /* Info.plist */ = {isa = PBXFileReference; lastKnownFileType = text.plist; path = Info.plist; sourceTree = "<group>"; };
		DF82276595A6E2168709D5BB /* main.swift */ = {isa = PBXFileReference; lastKnownFileType = sourcecode.swift; path = main.swift; sourceTree = "<group>"; };
		E49C21CC94ABC353052C3423 /* ProcessService.swift */ = {isa = PBXFileReference; lastKnownFileType = sourcecode.swift; path = ProcessService.swift; sourceTree = "<group>"; };
		E85DA4D9EA314955ADEFA137 /* MonitorEngine.swift */ = {isa = PBXFileReference; lastKnownFileType = sourcecode.swift; path = MonitorEngine.swift; sourceTree = "<group>"; };
		F907D7B283F632EFCFE59AAF /* ContentView.swift */ = {isa = PBXFileReference; lastKnownFileType = sourcecode.swift; path = ContentView.swift; sourceTree = "<group>"; };
/* End PBXFileReference section */

/* Begin PBXGroup section */
		238BA57E949F9397AC181C92 /* UI */ = {
			isa = PBXGroup;
			children = (
				A232B6181749CB1CD152DCDF /* AllowlistView.swift */,
				015FDF2EE3DF930638AB4DF7 /* DashboardView.swift */,
				580EE97EEDEE56230E157CC5 /* SettingsView.swift */,
			);
			path = UI;
			sourceTree = "<group>";
		};
		27C189EF648A3D357E5E8B0A /* Resources */ = {
			isa = PBXGroup;
			children = (
				29E8948BB0D562190F86CFCD /* Assets.xcassets */,
				C0B12EF6E25D9A5176FB4861 /* InactivityMonitor.entitlements */,
				C63264D07F8B5ACCDF442603 /* Info.plist */,
			);
			path = Resources;
			sourceTree = "<group>";
		};
		4B412D2007DEDEA0BC733339 /* Core */ = {
			isa = PBXGroup;
			children = (
				1E07AEC4F954A1BEF8CBB6B0 /* ActivityTracker.swift */,
				E85DA4D9EA314955ADEFA137 /* MonitorEngine.swift */,
			);
			path = Core;
			sourceTree = "<group>";
		};
		6406F7EF00350E56D8E61AA8 /* Models */ = {
			isa = PBXGroup;
			children = (
				5486A056B57D2CB8C696C530 /* AppInfo.swift */,
				6B4F68D5283CB0A0B1FE6C99 /* SettingsManager.swift */,
			);
			path = Models;
			sourceTree = "<group>";
		};
		9427826B47D913D71AFEE43E = {
			isa = PBXGroup;
			children = (
				27C189EF648A3D357E5E8B0A /* Resources */,
				B5EF90CACE97361ABFE64982 /* Sources */,
				B553C165E66F945E7B8FA69F /* Products */,
			);
			sourceTree = "<group>";
		};
		97D8EF619F690FB4854AD6D7 /* Services */ = {
			isa = PBXGroup;
			children = (
				1AD35503655879E949BA8DDD /* AlertService.swift */,
				1C2596DF1CFEABDF2C2573B0 /* AllowlistService.swift */,
				E49C21CC94ABC353052C3423 /* ProcessService.swift */,
			);
			path = Services;
			sourceTree = "<group>";
		};
		B553C165E66F945E7B8FA69F /* Products */ = {
			isa = PBXGroup;
			children = (
				409E3753FA9A6E59594C651C /* InactivityMonitor.app */,
			);
			name = Products;
			sourceTree = "<group>";
		};
		B5EF90CACE97361ABFE64982 /* Sources */ = {
			isa = PBXGroup;
			children = (
				54C01004324E8E0EDCE4AC07 /* AppDelegate.swift */,
				F907D7B283F632EFCFE59AAF /* ContentView.swift */,
				DF82276595A6E2168709D5BB /* main.swift */,
				4B412D2007DEDEA0BC733339 /* Core */,
				6406F7EF00350E56D8E61AA8 /* Models */,
				97D8EF619F690FB4854AD6D7 /* Services */,
				238BA57E949F9397AC181C92 /* UI */,
			);
			path = Sources;
			sourceTree = "<group>";
		};
/* End PBXGroup section */

/* Begin PBXNativeTarget section */
		664ACEE675032C8DE549DEB9 /* InactivityMonitor */ = {
			isa = PBXNativeTarget;
			buildConfigurationList = 7083567FFB35466FF1025AD2 /* Build configuration list for PBXNativeTarget "InactivityMonitor" */;
			buildPhases = (
				39726FE21D928D095D40FE9E /* Sources */,
				6B7BD014CFA4CCB0C2E94614 /* Resources */,
			);
			buildRules = (
			);
			dependencies = (
			);
			name = InactivityMonitor;
			packageProductDependencies = (
			);
			productName = InactivityMonitor;
			productReference = 409E3753FA9A6E59594C651C /* InactivityMonitor.app */;
			productType = "com.apple.product-type.application";
		};
/* End PBXNativeTarget section */

/* Begin PBXProject section */
		1E81972F1111DEE6A4AD6640 /* Project object */ = {
			isa = PBXProject;
			attributes = {
				BuildIndependentTargetsInParallel = YES;
				LastUpgradeCheck = 1500;
				TargetAttributes = {
					664ACEE675032C8DE549DEB9 = {
						ProvisioningStyle = Manual;
					};
				};
			};
			buildConfigurationList = 316B8DD95806A5F27D7D17A7 /* Build configuration list for PBXProject "InactivityMonitor" */;
			developmentRegion = en;
			hasScannedForEncodings = 0;
			knownRegions = (
				Base,
				en,
			);
			mainGroup = 9427826B47D913D71AFEE43E;
			minimizedProjectReferenceProxies = 1;
			preferredProjectObjectVersion = 77;
			productRefGroup = B553C165E66F945E7B8FA69F /* Products */;
			projectDirPath = "";
			projectRoot = "";
			targets = (
				664ACEE675032C8DE549DEB9 /* InactivityMonitor */,
			);
		};
/* End PBXProject section */

/* Begin PBXResourcesBuildPhase section */
		6B7BD014CFA4CCB0C2E94614 /* Resources */ = {
			isa = PBXResourcesBuildPhase;
			buildActionMask = 2147483647;
			files = (
				FA104505E78A6AF31AD2891B /* Assets.xcassets in Resources */,
			);
			runOnlyForDeploymentPostprocessing = 0;
		};
/* End PBXResourcesBuildPhase section */

/* Begin PBXSourcesBuildPhase section */
		39726FE21D928D095D40FE9E /* Sources */ = {
			isa = PBXSourcesBuildPhase;
			buildActionMask = 2147483647;
			files = (
				2070894B76855FA912ACFC73 /* ActivityTracker.swift in Sources */,
				3031937AF9529A713C1894D9 /* AlertService.swift in Sources */,
				93656810E777618CD095BD1F /* AllowlistService.swift in Sources */,
				C07F8A37D47FC84192BF6472 /* AllowlistView.swift in Sources */,
				CF145166D360EBC3514CA883 /* AppDelegate.swift in Sources */,
				6566B2475134FCBAF228DC85 /* AppInfo.swift in Sources */,
				54418866F1699F40A83A19AE /* ContentView.swift in Sources */,
				479E2469EB6AD0D0D1FC4A63 /* DashboardView.swift in Sources */,
				A8455EB547CE4D01BEEB5B03 /* MonitorEngine.swift in Sources */,
				B5B238284D2F15B92D6CD650 /* ProcessService.swift in Sources */,
				D52823CE980C4141497E27A8 /* SettingsManager.swift in Sources */,
				9DD412E636BDA350C58E804A /* SettingsView.swift in Sources */,
				AA5968A88938DC30ABA5F2D1 /* main.swift in Sources */,
			);
			runOnlyForDeploymentPostprocessing = 0;
		};
/* End PBXSourcesBuildPhase section */

/* Begin XCBuildConfiguration section */
		56202D4573646EAC462A977E /* Release */ = {
			isa = XCBuildConfiguration;
			buildSettings = {
				ASSETCATALOG_COMPILER_APPICON_NAME = AppIcon;
				CODE_SIGN_ENTITLEMENTS = Resources/InactivityMonitor.entitlements;
				COMBINE_HIDPI_IMAGES = YES;
				ENABLE_HARDENED_RUNTIME = YES;
				INFOPLIST_FILE = Resources/Info.plist;
				LD_RUNPATH_SEARCH_PATHS = (
					"@executable_path/../Frameworks",
				);
				PRODUCT_BUNDLE_IDENTIFIER = com.inactivitymonitor.app;
				PRODUCT_NAME = InactivityMonitor;
				SDKROOT = macosx;
			};
			name = Release;
		};
		5A9F80AB71C2E82FA826DD2E /* Debug */ = {
			isa = XCBuildConfiguration;
			buildSettings = {
				ASSETCATALOG_COMPILER_APPICON_NAME = AppIcon;
				CODE_SIGN_ENTITLEMENTS = Resources/InactivityMonitor.entitlements;
				COMBINE_HIDPI_IMAGES = YES;
				ENABLE_HARDENED_RUNTIME = YES;
				INFOPLIST_FILE = Resources/Info.plist;
				LD_RUNPATH_SEARCH_PATHS = (
					"@executable_path/../Frameworks",
				);
				PRODUCT_BUNDLE_IDENTIFIER = com.inactivitymonitor.app;
				PRODUCT_NAME = InactivityMonitor;
				SDKROOT = macosx;
			};
			name = Debug;
		};
		6B7FA401C3C744999679E2FC /* Debug */ = {
			isa = XCBuildConfiguration;
			buildSettings = {
				ALWAYS_SEARCH_USER_PATHS = NO;
				CLANG_ANALYZER_NONNULL = YES;
				CLANG_ANALYZER_NUMBER_OBJECT_CONVERSION = YES_AGGRESSIVE;
				CLANG_CXX_LANGUAGE_STANDARD = "gnu++14";
				CLANG_CXX_LIBRARY = "libc++";
				CLANG_ENABLE_MODULES = YES;
				CLANG_ENABLE_OBJC_ARC = YES;
				CLANG_ENABLE_OBJC_WEAK = YES;
				CLANG_WARN_BLOCK_CAPTURE_AUTORELEASING = YES;
				CLANG_WARN_BOOL_CONVERSION = YES;
				CLANG_WARN_COMMA = YES;
				CLANG_WARN_CONSTANT_CONVERSION = YES;
				CLANG_WARN_DEPRECATED_OBJC_IMPLEMENTATIONS = YES;
				CLANG_WARN_DIRECT_OBJC_ISA_USAGE = YES_ERROR;
				CLANG_WARN_DOCUMENTATION_COMMENTS = YES;
				CLANG_WARN_EMPTY_BODY = YES;
				CLANG_WARN_ENUM_CONVERSION = YES;
				CLANG_WARN_INFINITE_RECURSION = YES;
				CLANG_WARN_INT_CONVERSION = YES;
				CLANG_WARN_NON_LITERAL_NULL_CONVERSION = YES;
				CLANG_WARN_OBJC_IMPLICIT_RETAIN_SELF = YES;
				CLANG_WARN_OBJC_LITERAL_CONVERSION = YES;
				CLANG_WARN_OBJC_ROOT_CLASS = YES_ERROR;
				CLANG_WARN_QUOTED_INCLUDE_IN_FRAMEWORK_HEADER = YES;
				CLANG_WARN_RANGE_LOOP_ANALYSIS = YES;
				CLANG_WARN_STRICT_PROTOTYPES = YES;
				CLANG_WARN_SUSPICIOUS_MOVE = YES;
				CLANG_WARN_UNGUARDED_AVAILABILITY = YES_AGGRESSIVE;
				CLANG_WARN_UNREACHABLE_CODE = YES;
				CLANG_WARN__DUPLICATE_METHOD_MATCH = YES;
				CODE_SIGN_IDENTITY = "-";
				CODE_SIGN_STYLE = Manual;
				COPY_PHASE_STRIP = NO;
				DEBUG_INFORMATION_FORMAT = dwarf;
				ENABLE_STRICT_OBJC_MSGSEND = YES;
				ENABLE_TESTABILITY = YES;
				GCC_C_LANGUAGE_STANDARD = gnu11;
				GCC_DYNAMIC_NO_PIC = NO;
				GCC_NO_COMMON_BLOCKS = YES;
				GCC_OPTIMIZATION_LEVEL = 0;
				GCC_PREPROCESSOR_DEFINITIONS = (
					"$(inherited)",
					"DEBUG=1",
				);
				GCC_WARN_64_TO_32_BIT_CONVERSION = YES;
				GCC_WARN_ABOUT_RETURN_TYPE = YES_ERROR;
				GCC_WARN_UNDECLARED_SELECTOR = YES;
				GCC_WARN_UNINITIALIZED_AUTOS = YES_AGGRESSIVE;
				GCC_WARN_UNUSED_FUNCTION = YES;
				GCC_WARN_UNUSED_VARIABLE = YES;
				MACOSX_DEPLOYMENT_TARGET = 13.0;
				MTL_ENABLE_DEBUG_INFO = INCLUDE_SOURCE;
				MTL_FAST_MATH = YES;
				ONLY_ACTIVE_ARCH = YES;
				PRODUCT_BUNDLE_IDENTIFIER = com.inactivitymonitor.app;
				PRODUCT_NAME = "$(TARGET_NAME)";
				SDKROOT = macosx;
				SWIFT_ACTIVE_COMPILATION_CONDITIONS = DEBUG;
				SWIFT_OPTIMIZATION_LEVEL = "-Onone";
				SWIFT_VERSION = 5.9;
			};
			name = Debug;
		};
		968D44AC66D2C7D83EB7499D /* Release */ = {
			isa = XCBuildConfiguration;
			buildSettings = {
				ALWAYS_SEARCH_USER_PATHS = NO;
				CLANG_ANALYZER_NONNULL = YES;
				CLANG_ANALYZER_NUMBER_OBJECT_CONVERSION = YES_AGGRESSIVE;
				CLANG_CXX_LANGUAGE_STANDARD = "gnu++14";
				CLANG_CXX_LIBRARY = "libc++";
				CLANG_ENABLE_MODULES = YES;
				CLANG_ENABLE_OBJC_ARC = YES;
				CLANG_ENABLE_OBJC_WEAK = YES;
				CLANG_WARN_BLOCK_CAPTURE_AUTORELEASING = YES;
				CLANG_WARN_BOOL_CONVERSION = YES;
				CLANG_WARN_COMMA = YES;
				CLANG_WARN_CONSTANT_CONVERSION = YES;
				CLANG_WARN_DEPRECATED_OBJC_IMPLEMENTATIONS = YES;
				CLANG_WARN_DIRECT_OBJC_ISA_USAGE = YES_ERROR;
				CLANG_WARN_DOCUMENTATION_COMMENTS = YES;
				CLANG_WARN_EMPTY_BODY = YES;
				CLANG_WARN_ENUM_CONVERSION = YES;
				CLANG_WARN_INFINITE_RECURSION = YES;
				CLANG_WARN_INT_CONVERSION = YES;
				CLANG_WARN_NON_LITERAL_NULL_CONVERSION = YES;
				CLANG_WARN_OBJC_IMPLICIT_RETAIN_SELF = YES;
				CLANG_WARN_OBJC_LITERAL_CONVERSION = YES;
				CLANG_WARN_OBJC_ROOT_CLASS = YES_ERROR;
				CLANG_WARN_QUOTED_INCLUDE_IN_FRAMEWORK_HEADER = YES;
				CLANG_WARN_RANGE_LOOP_ANALYSIS = YES;
				CLANG_WARN_STRICT_PROTOTYPES = YES;
				CLANG_WARN_SUSPICIOUS_MOVE = YES;
				CLANG_WARN_UNGUARDED_AVAILABILITY = YES_AGGRESSIVE;
				CLANG_WARN_UNREACHABLE_CODE = YES;
				CLANG_WARN__DUPLICATE_METHOD_MATCH = YES;
				CODE_SIGN_IDENTITY = "-";
				CODE_SIGN_STYLE = Manual;
				COPY_PHASE_STRIP = NO;
				DEBUG_INFORMATION_FORMAT = "dwarf-with-dsym";
				ENABLE_NS_ASSERTIONS = NO;
				ENABLE_STRICT_OBJC_MSGSEND = YES;
				GCC_C_LANGUAGE_STANDARD = gnu11;
				GCC_NO_COMMON_BLOCKS = YES;
				GCC_WARN_64_TO_32_BIT_CONVERSION = YES;
				GCC_WARN_ABOUT_RETURN_TYPE = YES_ERROR;
				GCC_WARN_UNDECLARED_SELECTOR = YES;
				GCC_WARN_UNINITIALIZED_AUTOS = YES_AGGRESSIVE;
				GCC_WARN_UNUSED_FUNCTION = YES;
				GCC_WARN_UNUSED_VARIABLE = YES;
				MACOSX_DEPLOYMENT_TARGET = 13.0;
				MTL_ENABLE_DEBUG_INFO = NO;
				MTL_FAST_MATH = YES;
				PRODUCT_BUNDLE_IDENTIFIER = com.inactivitymonitor.app;
				PRODUCT_NAME = "$(TARGET_NAME)";
				SDKROOT = macosx;
				SWIFT_COMPILATION_MODE = wholemodule;
				SWIFT_OPTIMIZATION_LEVEL = "-O";
				SWIFT_VERSION = 5.9;
			};
			name = Release;
		};
/* End XCBuildConfiguration section */

/* Begin XCConfigurationList section */
		316B8DD95806A5F27D7D17A7 /* Build configuration list for PBXProject "InactivityMonitor" */ = {
			isa = XCConfigurationList;
			buildConfigurations = (
				6B7FA401C3C744999679E2FC /* Debug */,
				968D44AC66D2C7D83EB7499D /* Release */,
			);
			defaultConfigurationIsVisible = 0;
			defaultConfigurationName = Debug;
		};
		7083567FFB35466FF1025AD2 /* Build configuration list for PBXNativeTarget "InactivityMonitor" */ = {
			isa = XCConfigurationList;
			buildConfigurations = (
				5A9F80AB71C2E82FA826DD2E /* Debug */,
				56202D4573646EAC462A977E /* Release */,
			);
			defaultConfigurationIsVisible = 0;
			defaultConfigurationName = Debug;
		};
/* End XCConfigurationList section */
	};
	rootObject = 1E81972F1111DEE6A4AD6640 /* Project object */;
}
